{
    "_meta": {
        "hash": {
            "sha256": "350096ce0662dad6e0281e3b1bc2f362e280bed2e5194f984d2aac2e919bf17b"
        },
        "pipfile-spec": 6,
        "requires": {},
        "sources": [
            {
                "url": "https://pypi.python.org/simple",
                "verify_ssl": true
            }
        ]
    },
    "default": {
        "certifi": {
            "hashes": [
                "sha256:1a4995114262bffbc2413b159f2a1a480c969de6e6eb13ee966d470af86af59c",
                "sha256:719a74fb9e33b9bd44cc7f3a8d94bc35e4049deebe19ba7d8e108280cfd59830"
            ],
            "version": "==2020.12.5"
        },
        "chardet": {
            "hashes": [
                "sha256:84ab92ed1c4d4f16916e05906b6b75a6c0fb5db821cc65e70cbd64a3e2a5eaae",
                "sha256:fc323ffcaeaed0e0a02bf4d117757b98aed530d9ed4531e3e15460124c106691"
            ],
            "version": "==3.0.4"
        },
        "contextlib2": {
            "hashes": [
                "sha256:01f490098c18b19d2bd5bb5dc445b2054d2fa97f09a4280ba2c5f3c394c8162e",
                "sha256:3355078a159fbb44ee60ea80abd0d87b80b78c248643b49aa6d94673b413609b"
            ],
            "version": "==0.6.0.post1"
        },
        "defusedxml": {
            "hashes": [
                "sha256:1bb3032db185915b62d7c6209c5a8792be6a32ab2fedacc84e01b52c51aa3e69",
                "sha256:a352e7e428770286cc899e2542b6cdaedb2b4953ff269a210103ec58f6198a61"
            ],
            "version": "==0.7.1"
        },
        "dj-database-url": {
            "hashes": [
                "sha256:a6832d8445ee9d788c5baa48aef8130bf61fdc442f7d9a548424d25cd85c9f08",
                "sha256:e16d94c382ea0564c48038fa7fe8d9c890ef1ab1a8ec4cb48e732c124b9482fd"
            ],
            "version": "==0.4.2"
        },
        "django": {
            "hashes": [
                "sha256:1836878162dfdf865492bacfdff0321e4ee8f1e7d51d93192546000b54982b29",
                "sha256:89162f70a74aac62a53f975128faba6099a7ef2c9d8140a41ae9d6210bda05cd"
            ],
            "version": "==1.11.5"
        },
        "django-cache-url": {
            "hashes": [
                "sha256:d7e7d3f3fadaa38ab7c655afafc85c2a1b06a3ddc0002af4ae021c1948307f8b",
                "sha256:f0009452c4d63468714c7ff59266085947f3f3cc0947b3b2e87121bb27538d6c"
            ],
            "version": "==2.0.0"
        },
        "django-configurations": {
            "hashes": [
                "sha256:b4a4eb3ed631c2abbeb7008b5cc5d8d04b190df838e7b613731d728f674f3a2f",
                "sha256:be47e25d070fd005cc8fbd6c913c9ec37e83d04686937afe18ca6c579b2cdedb"
            ],
            "version": "==2.0"
        },
        "django-cors-headers": {
            "hashes": [
                "sha256:451bc37a514792c2b46c52362368f7985985933ecdbf1a85f82652579a5cbe01",
                "sha256:4e02be61ffaaab5917f1fd7cc3c305c4fb7ccd0156a649c96f49bc0a09c5f572"
            ],
            "version": "==2.1.0"
        },
        "django-extensions": {
            "hashes": [
                "sha256:34823a9ba7f9e0e5d15e44536f02bb98a75f16bb27fbeafe659cddac4a2948f5",
                "sha256:b562fd29acbf5d9b18a1c8605f1009719357b739e3a869a4bd4c7be223ace1cc"
            ],
            "version": "==1.9.1"
        },
        "django-filter": {
            "hashes": [
                "sha256:6ef1611aeacfda8f13a075a992ff65687afbd5cc8fcb0f3f1563a9ad4fe2d1b0",
                "sha256:e44620d4e707beaff7396ac8df765dc015a07467df813b9c1663fe4017934b58"
            ],
            "version": "==1.0.4"
        },
        "django-redis": {
            "hashes": [
                "sha256:5229da5b07ccb8d3e3e9ee098c0b7c03e20eba48634bc456697dd73d62c68b19",
                "sha256:9660332cf9de5689a7ebbe0c623c4a0de79e0916a6ae867b5d0b94759bba46c9"
            ],
            "version": "==4.8.0"
        },
        "djangorestframework": {
            "hashes": [
                "sha256:0f9bfbac702f3376dfb2db4971ad8af4e066bfa35393b1b85e085f7e8b91189a",
                "sha256:de8ac68b3cf6dd41b98e01dcc92dc0022a5958f096eafc181a17fa975d18ca42"
            ],
            "version": "==3.6.4"
        },
        "drf-extensions": {
            "hashes": [
                "sha256:5bf19e5dae21f3eb01de9efcad0abb5eb38b5372a269aa7ffa25e14d994a9429",
                "sha256:d77eb60e87a70812fd8080fb3b43ce07c3ca5874f6bfb8a142fb5327b0213723"
            ],
            "version": "==0.3.1"
        },
        "idna": {
            "hashes": [
                "sha256:2c6a5de3089009e3da7c5dde64a141dbc8551d5b7f6cf4ed7c2568d0cc520a8f",
                "sha256:8c7309c718f94b3a625cb648ace320157ad16ff131ae0af362c9f21b80ef6ec4"
            ],
            "version": "==2.6"
        },
        "markdown": {
            "hashes": [
                "sha256:73af797238b95768b3a9b6fe6270e250e5c09d988b8e5b223fd5efa4e06faf81"
            ],
            "version": "==2.6.9"
        },
        "oauthlib": {
            "hashes": [
                "sha256:bee41cc35fcca6e988463cacc3bcb8a96224f470ca547e697b604cc697b2f889",
                "sha256:df884cd6cbe20e32633f1db1072e9356f53638e4361bef4e8b03c9127c9328ea"
            ],
            "version": "==3.1.0"
        },
        "pyjwt": {
            "hashes": [
                "sha256:a5c70a06e1f33d81ef25eecd50d50bd30e34de1ca8b2b9fa3fe0daaabcf69bf7",
                "sha256:b70b15f89dc69b993d8a8d32c299032d5355c82f9b5b7e851d1a6d706dffe847"
            ],
            "version": "==2.0.1"
        },
        "pymongo": {
            "hashes": [
                "sha256:0ce91b475d50b70388f512a2780bf91b0de643175d3f60bae3786ee4f133e751",
                "sha256:0f0e2cd634a5f97fe84b8a860c52e86cee488764031505cdc7c855f01fed7bd4",
                "sha256:166746d50df39c3d293ff26f18c64d728b4ac59b3d1940fb6475ad22820ba439",
                "sha256:1863a7ee4080388a7e247c7f8040c2a1e1288cecc3792cdcbe25a4b55a3f4a75",
                "sha256:2652d255b3a0b16a49c743879e882d6c3de40166282fa791075ad5db0285cbb4",
                "sha256:28be0827bd176c844fc0c06d99dae95bf0f720b6ff3616099f3ab6d0e1742602",
                "sha256:38fddffcd47b51415eef97290643dda4e72c7bf32af798df128d9ad94196f029",
                "sha256:39961f650fca9b3c6a8294a47707c328283d42e298712030b1992083900f00c3",
                "sha256:3eda499d1a6e584c448b8abb66c4cb7af02ba50f70a99a3063c4d9c460130e38",
                "sha256:41c892df7f67ec9aa76f4e1b4e093ac18d9a9ebafa6c60fc4e57db68eadb0d87",
                "sha256:4b68b6defa12b96e1087871e677ee8b9d67bbf57b1b70ee54ed19d2ee9dca538",
                "sha256:521676f3f2739a6b92d8d7bd7141653594e609b5827a382b0b9d76da69eefb2e",
                "sha256:57197ac3f47eeef633eec0ea46ddc3895904d0daf2bd271d85a5d691de539171",
                "sha256:6c2b1b2ec87873c1d1e38b32378ad428409264d674cceaf1552d557d7f961e57",
                "sha256:728a624a35383b147f2fca6051fb9604c7209ad0d9b65e35bf429e563d999e8a",
                "sha256:8077f89268d702dfae5a633a389f7775122e4146e05e9d6c8b0ee12c91e4d84c",
                "sha256:8946a46e3b9c4a7f0feb6909093594ab10771bda0fc4601901666b27043fc100",
                "sha256:8de6afe3aa34be4800a0bc49ce8f0d05c5e936b4ec297322e64bb6db8e5fd754",
                "sha256:906a13ad6081c5cb5c6862879bc22aa738a4ae12561c6b4ae64d2ff1b4fc47f5",
                "sha256:a02035ab7ebef71f7fc4aaa0c2344bcc7d74c6de64a000464184f8cb9496966f",
                "sha256:a11b456b549583d76a1ccca20a4a0ee710489e67753b3f3082cd929556693f31",
                "sha256:a516bddf391ccded8a9fe75672200bfedb20449e09661f3f785e8e695a6b15e4",
                "sha256:a7c3a6f32eb910fbdc0dde9aca9fb5407726cd21504d0a67334109f6aaade94e",
                "sha256:abbcbdabe9fd64b107f3aef5c68a20f22906c5f941e75b8414a026e8860af489",
                "sha256:bc2e6b5bc53269cad1f06ac32a86777a3b8761459f155c6bb14b25844720c0b1",
                "sha256:c612ed53c88071da75a4998add30971d9e90e80c83339c86e3be5ebd6913e32b",
                "sha256:cf8846fb59caffa587ba14da78f8fb23dba85017e009c1d752469b0005c444bf",
                "sha256:d0e516d07979c43a65927cd98c8bda84c7620f09658e9f424ebfff8f28994f77",
                "sha256:d2701658ea78ad484cd077fecb68de130de9a4ed784cc0a62d8d1d549d2b3fff",
                "sha256:d3aabb3dfc564d4b797c3805f3f3b4ce24de6c7150041f9caad536f4c672110b",
                "sha256:dd647f898031efefc093c14960b531ce13c10cd704dc0b43604cb93b168719e5",
                "sha256:e820d93414f3bec1fa456c84afbd4af1b43ff41366321619db74e6bc065d6924",
                "sha256:ef5dc292d27cb65a04776eaf0c9b5e6a87d6fd03f272a7043816fb8b946f4d8d",
                "sha256:fd22e54beb634e3568638862f305ccd3a78a89fa14a2b62397255b3510eb6bca",
                "sha256:ffaf9e135f9321423ac50035c4e3854b4f668e5a46c81d2e3341ae0504279ba3"
            ],
            "version": "==3.5.1"
        },
        "python3-openid": {
            "hashes": [
                "sha256:33fbf6928f401e0b790151ed2b5290b02545e8775f982485205a066f874aaeaf",
                "sha256:6626f771e0417486701e0b4daff762e7212e820ca5b29fcc0d05f6f8736dfa6b"
            ],
            "version": "==3.2.0"
        },
        "pytz": {
            "hashes": [
                "sha256:83a4a90894bf38e243cf052c8b58f381bfe9a7a483f6a9cab140bc7f702ac4da",
                "sha256:eb10ce3e7736052ed3623d49975ce333bcd712c7bb19a58b9e2089d4057d0798"
            ],
            "version": "==2021.1"
        },
        "raven": {
            "hashes": [
                "sha256:02cabffb173b99d860a95d4908e8b1864aad1b8452146e13fd7e212aa576a884",
                "sha256:56dc9062dd42bca97350e5048ff417c914376366caa3b1b5f788b27ddc0a34b7"
            ],
            "version": "==6.1.0"
        },
        "redis": {
            "hashes": [
                "sha256:0e7e0cfca8660dea8b7d5cd8c4f6c5e29e11f31158c0b0ae91a397f00e5a05a2",
                "sha256:432b788c4530cfe16d8d943a09d40ca6c16149727e4afe8c2c9d5580c59d9f24"
            ],
            "version": "==3.5.3"
        },
        "requests": {
            "hashes": [
                "sha256:6a1b267aa90cac58ac3a765d067950e7dbbf75b1da07e895d1f594193a40a38b",
                "sha256:9c443e7324ba5b85070c4a818ade28bfabedf16ea10206da1132edaa6dda237e"
            ],
            "version": "==2.18.4"
        },
        "requests-oauthlib": {
            "hashes": [
                "sha256:7f71572defaecd16372f9006f33c2ec8c077c3cfa6f5911a9a90202beb513f3d",
                "sha256:b4261601a71fd721a8bd6d7aa1cc1d6a8a93b4a9f5e96626f8e4d91e8beeaa6a"
            ],
            "version": "==1.3.0"
        },
        "six": {
            "hashes": [
                "sha256:30639c035cdb23534cd4aa2dd52c3bf48f06e5f4a941509c8bafd8ce11080259",
                "sha256:8b74bedcbbbaca38ff6d7491d76f2b06b3592611af620f8426e82dddb04a5ced"
            ],
            "version": "==1.15.0"
        },
        "social-auth-app-django": {
            "hashes": [
                "sha256:3476aa7463ca821d1b1d8381d46b4c186b2b874d0e55541b087be596b2413acb",
                "sha256:babc03c024ce719808af534167b9f5b76bb8b0aa0adfd1db01b124542ab906e1",
                "sha256:c853c15bf287e8400c687340b11278539838c1d2b911df264a38e60add0ac6f3"
            ],
            "version": "==1.2.0"
        },
        "social-auth-core": {
            "hashes": [
                "sha256:8a1b83995e891989195ef34ad46bd8fd6e98d8bc4510d3e5b34f7c24acc794c4",
                "sha256:c5c150e048a81bc292f57f6f05cad0a13d5a29589b3e085fcf39007c2312223b",
                "sha256:f83005f42cf3d870b49a3c9fddc2b2e8ec28fbb367626a304190b52e151e059d"
            ],
            "version": "==1.4.0"
        },
        "urllib3": {
            "hashes": [
                "sha256:06330f386d6e4b195fbfc736b297f58c5a892e4440e54d294d7004e3a9bbea1b",
                "sha256:cc44da8e1145637334317feebd728bd869a35285b93cbb4cca2577da7e62db4f"
            ],
            "version": "==1.22"
        }
    },
    "develop": {
        "asgiref": {
            "hashes": [
                "sha256:92906c611ce6c967347bbfea733f13d6313901d54dcca88195eaeb52b2a8e8ee",
                "sha256:d1216dfbdfb63826470995d31caed36225dcaf34f182e0fa257a4dd9e86f1b78"
            ],
            "version": "==3.3.4"
        },
        "django": {
            "hashes": [
                "sha256:1836878162dfdf865492bacfdff0321e4ee8f1e7d51d93192546000b54982b29",
                "sha256:89162f70a74aac62a53f975128faba6099a7ef2c9d8140a41ae9d6210bda05cd"
            ],
            "version": "==1.11.5"
        },
        "django-debug-toolbar": {
            "hashes": [
                "sha256:10f5ef59c97fad34b803b02e5850b6422082e2e44544c2ec03feb4eeee0f9158",
                "sha256:2d240517dac3b02b7d78c9109ee88546f99171a2ec2a3efa70450771cb55735e"
            ],
            "version": "==1.11.1"
        },
        "mock": {
            "hashes": [
                "sha256:5ce3c71c5545b472da17b72268978914d0252980348636840bd34a00b5cc96c1",
                "sha256:b158b6df76edd239b8208d481dc46b6afd45a846b7812ff0ce58971cf5bc8bba"
            ],
            "version": "==2.0.0"
        },
        "pbr": {
            "hashes": [
                "sha256:5fad80b613c402d5b7df7bd84812548b2a61e9977387a80a5fc5c396492b13c9",
                "sha256:b236cde0ac9a6aedd5e3c34517b423cd4fd97ef723849da6b0d2231142d89c00"
            ],
            "version": "==5.5.1"
        },
        "psycopg2": {
            "hashes": [
                "sha256:04a5b2805c620ddecdff33e015631cc8d7ea8dd01e1fcc930bfe002fdc26b9e0",
                "sha256:0bd0b1cf81eb6d74a77199570d5ce097fb3c6b8e57acc1edd328cef5c552f98a",
                "sha256:16482d050db68503abbb693795d75e9fca287a00f662376759825404533ca87c",
                "sha256:279dbf220c94c9f73aefac719ea3b9550ca791389bc9184c15e835516bc8428d",
                "sha256:35d1fec112337c2607c8ca17dee3c2f8455e07dd69d140ff8e86ef1240dace3d",
                "sha256:39369e40bc3e062da5da93ce5f1e7f9bed95e9a60cb6f003d316f2a834722e2d",
                "sha256:3ab693b907b2c7a34c1dca198cfc454516cfd75440fd913bb372da6f70d6db55",
                "sha256:3c99c88216e0fc62113a1177aae9db18a533274370e99a4537b433b87b319360",
                "sha256:3fbba0dd7f3ac458f355dcfc4d7d9cd082c19748e453bcd81bf9d8bc14260c01",
                "sha256:471e3140e1cb241ecb53602cdc98fe305b82c854cfa53c3e343d642683dc96c7",
                "sha256:4cca242df228364b4de6241c54553301856bc253d7f21e15009b11c812eb7b5c",
                "sha256:4d7c872d9c85745964cf8efabba3fb1a6010b345c18d0e2b620509f0444aa729",
                "sha256:4db0de7d6236acbf7d020926489b6c4b98e845ba98df11057f22d54866e26b20",
                "sha256:4fbe2c29f6d4c8d9eac5fc3c42c42036e7cc58e225036130b7713afa72489aac",
                "sha256:604c49bf196c654c417ade1dc765bd23fe9bc3392d9a8c7184a7077142d621b3",
                "sha256:6194e81d8839b636118f5275c53be3c70eb3c3abcf836de675c34b20c06025ea",
                "sha256:891a70235c202158780fc0ab98d7ca2a7ed1625c26725b15119d47b2d852a5c6",
                "sha256:8d2003d23d8fc59f0f0a2e73c13baa41581006b8227a9d82bbdc1aa233285ba4",
                "sha256:99a298b9030f8fd36f885c5d0661e4d5a059136a541bb6c4d7d1100e38da3cd1",
                "sha256:9a0a74a6f20d82c389095c88d4d281e66eb3ffbc09adf543dcec4bec22436569",
                "sha256:9b7b16e26448b43cf167f785d8b5345007731ebf153a510e12dae826800caa65",
                "sha256:a4d7134058e8869d785c0be386cd702fe2a4be14b678d7571a51045e1bbad862",
                "sha256:b7646f7bdb42ba3cf7ef9f500f6514b5e413d25c5b3093d70e6ba52df417a83c",
                "sha256:c939b238cbc18e786909d20277c9f051241696ebb03ca9e3490094f526ce69a7",
                "sha256:df70e0a387b0145a7a80de67d43d84e1c5a24a33bbfaedb96271876d573e5fb6",
                "sha256:e26aca5eb272869fdf8e55111f36026517c1c0799eb7ef1ddf67d4412affe1ef",
                "sha256:e80a1ae04218e854a5d71085f9498c8c979033ca855cedeed3afc5d976c348ce",
                "sha256:ebee4f59803eda1ed4035649469a713818dbf5b6de2e12396edd9fa228727c20",
                "sha256:f07791ee5793621bfaaa844f731529cd72321280f94e8dc3bd4ef524d20f58f2",
                "sha256:f74e50341f45fb9bcd3598c11b5774c3e4349ee38cf15c342cc7075c73ef1f95",
                "sha256:face605eea5826fa36600c04447b61674992bbd5eb177f66f86f61a04436dbd9"
            ],
            "version": "==2.7.3.1"
        },
        "pytz": {
            "hashes": [
                "sha256:83a4a90894bf38e243cf052c8b58f381bfe9a7a483f6a9cab140bc7f702ac4da",
                "sha256:eb10ce3e7736052ed3623d49975ce333bcd712c7bb19a58b9e2089d4057d0798"
            ],
            "version": "==2021.1"
        },
        "six": {
            "hashes": [
                "sha256:30639c035cdb23534cd4aa2dd52c3bf48f06e5f4a941509c8bafd8ce11080259",
                "sha256:8b74bedcbbbaca38ff6d7491d76f2b06b3592611af620f8426e82dddb04a5ced"
            ],
            "version": "==1.15.0"
        },
        "sqlparse": {
            "hashes": [
                "sha256:017cde379adbd6a1f15a61873f43e8274179378e95ef3fede90b5aa64d304ed0",
                "sha256:0f91fd2e829c44362cbcfab3e9ae12e22badaa8a29ad5ff599f9ec109f0454e8"
            ],
            "version": "==0.4.1"
        },
        "werkzeug": {
            "hashes": [
                "sha256:903a7b87b74635244548b30d30db4c8947fe64c5198f58899ddcd3a13c23bb26",
                "sha256:e8549c143af3ce6559699a01e26fa4174f4c591dbee0a499f3cd4c3781cdec3d"
            ],
            "version": "==0.12.2"
        }
    }
}
